PODS:
  - Alamofire (5.5.0)
  - Charts (3.6.0):
    - Charts/Core (= 3.6.0)
  - Charts/Core (3.6.0)
  - Realm (10.23.0):
    - Realm/Headers (= 10.23.0)
  - Realm/Headers (10.23.0)
  - RealmSwift (10.23.0):
    - Realm (= 10.23.0)
  - RxCocoa (6.5.0):
    - RxRelay (= 6.5.0)
    - RxSwift (= 6.5.0)
  - RxRelay (6.5.0):
    - RxSwift (= 6.5.0)
  - RxSwift (6.5.0)
  - SnapKit (5.0.1)
  - Starscream (4.0.4)
  - SwiftLint (0.46.3)
  - Then (2.7.0)

DEPENDENCIES:
  - Alamofire (~> 5.5)
  - Charts
  - RealmSwift (~> 10)
  - RxCocoa (= 6.5.0)
  - RxSwift (= 6.5.0)
  - SnapKit (~> 5.0.0)
  - Starscream (~> 4.0.0)
  - SwiftLint
  - Then

SPEC REPOS:
  trunk:
    - Alamofire
    - Charts
    - Realm
    - RealmSwift
    - RxCocoa
    - RxRelay
    - RxSwift
    - SnapKit
    - Starscream
    - SwiftLint
    - Then

SPEC CHECKSUMS:
  Alamofire: 1c4fb5369c3fe93d2857c780d8bbe09f06f97e7c
  Charts: b1e3a1f5a1c9ba5394438ca3b91bd8c9076310af
  Realm: bdac9baede54becb2883f319fc50e9e12b35235c
  RealmSwift: e083456e083dcfd6ef9087cdde6b031ec6224783
  RxCocoa: 94f817b71c07517321eb4f9ad299112ca8af743b
  RxRelay: 1de1523e604c72b6c68feadedd1af3b1b4d0ecbd
  RxSwift: 5710a9e6b17f3c3d6e40d6e559b9fa1e813b2ef8
  SnapKit: 97b92857e3df3a0c71833cce143274bf6ef8e5eb
  Starscream: 5178aed56b316f13fa3bc55694e583d35dd414d9
  SwiftLint: ae76d82f056734f853c8cd0371503252c606c482
  Then: acfe0be7e98221c6204e12f8161459606d5d822d

PODFILE CHECKSUM: ceb977a3b2f16b6b903495aae1e14f0ef2444037

COCOAPODS: 1.11.2
